
Microsoft Visual Studio Solution File, Format Version 12.00
Project("{F2A71F9B-5D33-465A-A702-920D77279786}") = "FPype", "FPype\FPype.fsproj", "{C0D6F472-AFB1-43C1-99D5-82E87DC8E062}"
EndProject
Project("{2150E333-8FDC-42A3-9474-1A3956D46DE8}") = "Documentation", "Documentation", "{ADD6F2E4-7755-47BC-B317-BAD2C5B47F90}"
	ProjectSection(SolutionItems) = preProject
		LICENSE = LICENSE
		README.md = README.md
		pipeline_action_examples.md = pipeline_action_examples.md
	EndProjectSection
EndProject
Project("{F2A71F9B-5D33-465A-A702-920D77279786}") = "FPype.App", "FPype.App\FPype.App.fsproj", "{8E074341-9199-475D-8728-C6254B174184}"
EndProject
Project("{F2A71F9B-5D33-465A-A702-920D77279786}") = "FPype.Tests", "FPype.Tests\FPype.Tests.fsproj", "{974B245D-146C-407B-998E-8FD274FAC1B5}"
EndProject
Project("{F2A71F9B-5D33-465A-A702-920D77279786}") = "FPype.Scripts", "FPype.Scripts\FPype.Scripts.fsproj", "{EE5F5B8D-08B4-49BB-A01C-D9F4CB25B1A2}"
EndProject
Global
	GlobalSection(SolutionConfigurationPlatforms) = preSolution
		Debug|Any CPU = Debug|Any CPU
		Release|Any CPU = Release|Any CPU
	EndGlobalSection
	GlobalSection(ProjectConfigurationPlatforms) = postSolution
		{C0D6F472-AFB1-43C1-99D5-82E87DC8E062}.Debug|Any CPU.ActiveCfg = Debug|Any CPU
		{C0D6F472-AFB1-43C1-99D5-82E87DC8E062}.Debug|Any CPU.Build.0 = Debug|Any CPU
		{C0D6F472-AFB1-43C1-99D5-82E87DC8E062}.Release|Any CPU.ActiveCfg = Release|Any CPU
		{C0D6F472-AFB1-43C1-99D5-82E87DC8E062}.Release|Any CPU.Build.0 = Release|Any CPU
		{8E074341-9199-475D-8728-C6254B174184}.Debug|Any CPU.ActiveCfg = Debug|Any CPU
		{8E074341-9199-475D-8728-C6254B174184}.Debug|Any CPU.Build.0 = Debug|Any CPU
		{8E074341-9199-475D-8728-C6254B174184}.Release|Any CPU.ActiveCfg = Release|Any CPU
		{8E074341-9199-475D-8728-C6254B174184}.Release|Any CPU.Build.0 = Release|Any CPU
		{974B245D-146C-407B-998E-8FD274FAC1B5}.Debug|Any CPU.ActiveCfg = Debug|Any CPU
		{974B245D-146C-407B-998E-8FD274FAC1B5}.Debug|Any CPU.Build.0 = Debug|Any CPU
		{974B245D-146C-407B-998E-8FD274FAC1B5}.Release|Any CPU.ActiveCfg = Release|Any CPU
		{974B245D-146C-407B-998E-8FD274FAC1B5}.Release|Any CPU.Build.0 = Release|Any CPU
		{EE5F5B8D-08B4-49BB-A01C-D9F4CB25B1A2}.Debug|Any CPU.ActiveCfg = Debug|Any CPU
		{EE5F5B8D-08B4-49BB-A01C-D9F4CB25B1A2}.Debug|Any CPU.Build.0 = Debug|Any CPU
		{EE5F5B8D-08B4-49BB-A01C-D9F4CB25B1A2}.Release|Any CPU.ActiveCfg = Release|Any CPU
		{EE5F5B8D-08B4-49BB-A01C-D9F4CB25B1A2}.Release|Any CPU.Build.0 = Release|Any CPU
	EndGlobalSection
	GlobalSection(NestedProjects) = preSolution
	EndGlobalSection
EndGlobal
